
Microsoft Visual Studio Solution File, Format Version 12.00
# Visual Studio Version 17
VisualStudioVersion = 17.11.35219.272
MinimumVisualStudioVersion = 10.0.40219.1
Project("{FAE04EC0-301F-11D3-BF4B-00C04F79EFBC}") = "01_Ders", "01_Ders\01_Ders.csproj", "{8D3EE745-19FB-4473-83FF-31B65ECEC360}"
EndProject
Project("{FAE04EC0-301F-11D3-BF4B-00C04F79EFBC}") = "02_Ders", "02_Ders\02_Ders.csproj", "{1FFB91B6-0B43-4AD5-A129-D75B8D0BF7DE}"
EndProject
Project("{FAE04EC0-301F-11D3-BF4B-00C04F79EFBC}") = "03_Ders", "03_Ders\03_Ders.csproj", "{C72B12E7-571A-4E4B-B0C6-759574BF8D87}"
EndProject
Project("{FAE04EC0-301F-11D3-BF4B-00C04F79EFBC}") = "04_Ders", "04_Ders\04_Ders.csproj", "{9FFE3EEA-32F4-4511-A215-55F0F5D744D4}"
EndProject
Project("{FAE04EC0-301F-11D3-BF4B-00C04F79EFBC}") = "05_Ders", "05_Ders\05_Ders.csproj", "{257964B9-B02A-4438-8918-DAFCB4C0941F}"
EndProject
Global
	GlobalSection(SolutionConfigurationPlatforms) = preSolution
		Debug|Any CPU = Debug|Any CPU
		Release|Any CPU = Release|Any CPU
	EndGlobalSection
	GlobalSection(ProjectConfigurationPlatforms) = postSolution
		{8D3EE745-19FB-4473-83FF-31B65ECEC360}.Debug|Any CPU.ActiveCfg = Debug|Any CPU
		{8D3EE745-19FB-4473-83FF-31B65ECEC360}.Debug|Any CPU.Build.0 = Debug|Any CPU
		{8D3EE745-19FB-4473-83FF-31B65ECEC360}.Release|Any CPU.ActiveCfg = Release|Any CPU
		{8D3EE745-19FB-4473-83FF-31B65ECEC360}.Release|Any CPU.Build.0 = Release|Any CPU
		{1FFB91B6-0B43-4AD5-A129-D75B8D0BF7DE}.Debug|Any CPU.ActiveCfg = Debug|Any CPU
		{1FFB91B6-0B43-4AD5-A129-D75B8D0BF7DE}.Debug|Any CPU.Build.0 = Debug|Any CPU
		{1FFB91B6-0B43-4AD5-A129-D75B8D0BF7DE}.Release|Any CPU.ActiveCfg = Release|Any CPU
		{1FFB91B6-0B43-4AD5-A129-D75B8D0BF7DE}.Release|Any CPU.Build.0 = Release|Any CPU
		{C72B12E7-571A-4E4B-B0C6-759574BF8D87}.Debug|Any CPU.ActiveCfg = Debug|Any CPU
		{C72B12E7-571A-4E4B-B0C6-759574BF8D87}.Debug|Any CPU.Build.0 = Debug|Any CPU
		{C72B12E7-571A-4E4B-B0C6-759574BF8D87}.Release|Any CPU.ActiveCfg = Release|Any CPU
		{C72B12E7-571A-4E4B-B0C6-759574BF8D87}.Release|Any CPU.Build.0 = Release|Any CPU
		{9FFE3EEA-32F4-4511-A215-55F0F5D744D4}.Debug|Any CPU.ActiveCfg = Debug|Any CPU
		{9FFE3EEA-32F4-4511-A215-55F0F5D744D4}.Debug|Any CPU.Build.0 = Debug|Any CPU
		{9FFE3EEA-32F4-4511-A215-55F0F5D744D4}.Release|Any CPU.ActiveCfg = Release|Any CPU
		{9FFE3EEA-32F4-4511-A215-55F0F5D744D4}.Release|Any CPU.Build.0 = Release|Any CPU
		{257964B9-B02A-4438-8918-DAFCB4C0941F}.Debug|Any CPU.ActiveCfg = Debug|Any CPU
		{257964B9-B02A-4438-8918-DAFCB4C0941F}.Debug|Any CPU.Build.0 = Debug|Any CPU
		{257964B9-B02A-4438-8918-DAFCB4C0941F}.Release|Any CPU.ActiveCfg = Release|Any CPU
		{257964B9-B02A-4438-8918-DAFCB4C0941F}.Release|Any CPU.Build.0 = Release|Any CPU
	EndGlobalSection
	GlobalSection(SolutionProperties) = preSolution
		HideSolutionNode = FALSE
	EndGlobalSection
	GlobalSection(ExtensibilityGlobals) = postSolution
		SolutionGuid = {1A923126-0303-4BD4-AD23-ECFF4E3A8CD9}
	EndGlobalSection
EndGlobal
